
Microsoft Visual Studio Solution File, Format Version 12.00
# Visual Studio Version 17
VisualStudioVersion = 17.1.32421.90
MinimumVisualStudioVersion = 10.0.40219.1
Project("{FAE04EC0-301F-11D3-BF4B-00C04F79EFBC}") = "DadosCriminalizacaoSP.API", "DadosCriminalizacaoSP.API\DadosCriminalizacaoSP.API.csproj", "{876B0E31-D381-45A9-9DB1-7DC12B6FBEB3}"
EndProject
Project("{FAE04EC0-301F-11D3-BF4B-00C04F79EFBC}") = "DadosCriminalizacaoSP.AtualizarDados", "DadosCriminalizacaoSP.AtualizarDados\DadosCriminalizacaoSP.AtualizarDados.csproj", "{89F1CABE-3109-497F-8259-562C50DBDFDA}"
EndProject
Global
	GlobalSection(SolutionConfigurationPlatforms) = preSolution
		Debug|Any CPU = Debug|Any CPU
		Release|Any CPU = Release|Any CPU
	EndGlobalSection
	GlobalSection(ProjectConfigurationPlatforms) = postSolution
		{876B0E31-D381-45A9-9DB1-7DC12B6FBEB3}.Debug|Any CPU.ActiveCfg = Debug|Any CPU
		{876B0E31-D381-45A9-9DB1-7DC12B6FBEB3}.Debug|Any CPU.Build.0 = Debug|Any CPU
		{876B0E31-D381-45A9-9DB1-7DC12B6FBEB3}.Release|Any CPU.ActiveCfg = Release|Any CPU
		{876B0E31-D381-45A9-9DB1-7DC12B6FBEB3}.Release|Any CPU.Build.0 = Release|Any CPU
		{89F1CABE-3109-497F-8259-562C50DBDFDA}.Debug|Any CPU.ActiveCfg = Debug|Any CPU
		{89F1CABE-3109-497F-8259-562C50DBDFDA}.Debug|Any CPU.Build.0 = Debug|Any CPU
		{89F1CABE-3109-497F-8259-562C50DBDFDA}.Release|Any CPU.ActiveCfg = Release|Any CPU
		{89F1CABE-3109-497F-8259-562C50DBDFDA}.Release|Any CPU.Build.0 = Release|Any CPU
	EndGlobalSection
	GlobalSection(SolutionProperties) = preSolution
		HideSolutionNode = FALSE
	EndGlobalSection
	GlobalSection(ExtensibilityGlobals) = postSolution
		SolutionGuid = {03E07D0D-61CA-44DD-9CC1-0E6EF198CD21}
	EndGlobalSection
EndGlobal
